// !$*UTF8*$!
{
	archiveVersion = 1;
	classes = {
	};
	objectVersion = 56;
	objects = {

/* Begin PBXBuildFile section */
		C4F7164C2B9361B400F41FFD /* AppDelegate.swift in Sources */ = {isa = PBXBuildFile; fileRef = C4F7164B2B9361B400F41FFD /* AppDelegate.swift */; };
		C4F7164E2B9361B400F41FFD /* SceneDelegate.swift in Sources */ = {isa = PBXBuildFile; fileRef = C4F7164D2B9361B400F41FFD /* SceneDelegate.swift */; };
		C4F716502B9361B400F41FFD /* MainViewController.swift in Sources */ = {isa = PBXBuildFile; fileRef = C4F7164F2B9361B400F41FFD /* MainViewController.swift */; };
		C4F716552B9361B900F41FFD /* Assets.xcassets in Resources */ = {isa = PBXBuildFile; fileRef = C4F716542B9361B900F41FFD /* Assets.xcassets */; };
		C4F716582B9361B900F41FFD /* LaunchScreen.storyboard in Resources */ = {isa = PBXBuildFile; fileRef = C4F716562B9361B900F41FFD /* LaunchScreen.storyboard */; };
		C4F7166B2B93664700F41FFD /* WAPIClient.swift in Sources */ = {isa = PBXBuildFile; fileRef = C4F7166A2B93664700F41FFD /* WAPIClient.swift */; };
		C4F7166D2B93665A00F41FFD /* WEndpoint.swift in Sources */ = {isa = PBXBuildFile; fileRef = C4F7166C2B93665A00F41FFD /* WEndpoint.swift */; };
		C4F7166F2B93673200F41FFD /* WNetworkLogger.swift in Sources */ = {isa = PBXBuildFile; fileRef = C4F7166E2B93673200F41FFD /* WNetworkLogger.swift */; };
/* End PBXBuildFile section */

/* Begin PBXFileReference section */
		C4F716482B9361B400F41FFD /* Weather2024.app */ = {isa = PBXFileReference; explicitFileType = wrapper.application; includeInIndex = 0; path = Weather2024.app; sourceTree = BUILT_PRODUCTS_DIR; };
		C4F7164B2B9361B400F41FFD /* AppDelegate.swift */ = {isa = PBXFileReference; lastKnownFileType = sourcecode.swift; path = AppDelegate.swift; sourceTree = "<group>"; };
		C4F7164D2B9361B400F41FFD /* SceneDelegate.swift */ = {isa = PBXFileReference; lastKnownFileType = sourcecode.swift; path = SceneDelegate.swift; sourceTree = "<group>"; };
		C4F7164F2B9361B400F41FFD /* MainViewController.swift */ = {isa = PBXFileReference; lastKnownFileType = sourcecode.swift; path = MainViewController.swift; sourceTree = "<group>"; };
		C4F716542B9361B900F41FFD /* Assets.xcassets */ = {isa = PBXFileReference; lastKnownFileType = folder.assetcatalog; path = Assets.xcassets; sourceTree = "<group>"; };
		C4F716572B9361B900F41FFD /* Base */ = {isa = PBXFileReference; lastKnownFileType = file.storyboard; name = Base; path = Base.lproj/LaunchScreen.storyboard; sourceTree = "<group>"; };
		C4F716592B9361B900F41FFD /* Info.plist */ = {isa = PBXFileReference; lastKnownFileType = text.plist.xml; path = Info.plist; sourceTree = "<group>"; };
		C4F7166A2B93664700F41FFD /* WAPIClient.swift */ = {isa = PBXFileReference; lastKnownFileType = sourcecode.swift; path = WAPIClient.swift; sourceTree = "<group>"; };
		C4F7166C2B93665A00F41FFD /* WEndpoint.swift */ = {isa = PBXFileReference; lastKnownFileType = sourcecode.swift; path = WEndpoint.swift; sourceTree = "<group>"; };
		C4F7166E2B93673200F41FFD /* WNetworkLogger.swift */ = {isa = PBXFileReference; lastKnownFileType = sourcecode.swift; path = WNetworkLogger.swift; sourceTree = "<group>"; };
/* End PBXFileReference section */

/* Begin PBXFrameworksBuildPhase section */
		C4F716452B9361B400F41FFD /* Frameworks */ = {
			isa = PBXFrameworksBuildPhase;
			buildActionMask = 2147483647;
			files = (
			);
			runOnlyForDeploymentPostprocessing = 0;
		};
/* End PBXFrameworksBuildPhase section */

/* Begin PBXGroup section */
		C4F7163F2B9361B400F41FFD = {
			isa = PBXGroup;
			children = (
				C4F7164A2B9361B400F41FFD /* Weather2024 */,
				C4F716492B9361B400F41FFD /* Products */,
			);
			sourceTree = "<group>";
		};
		C4F716492B9361B400F41FFD /* Products */ = {
			isa = PBXGroup;
			children = (
				C4F716482B9361B400F41FFD /* Weather2024.app */,
			);
			name = Products;
			sourceTree = "<group>";
		};
		C4F7164A2B9361B400F41FFD /* Weather2024 */ = {
			isa = PBXGroup;
			children = (
				C4F716672B93658600F41FFD /* SupportingFiles */,
				C4F716662B93636100F41FFD /* Services */,
				C4F716652B93635C00F41FFD /* Networking */,
				C4F716642B93635500F41FFD /* ViewModels */,
				C4F716632B93635000F41FFD /* Views */,
				C4F716622B93634200F41FFD /* Models */,
				C4F716612B93633D00F41FFD /* Common */,
				C4F716602B93633800F41FFD /* Controllers */,
				C4F7165F2B93633200F41FFD /* Resources */,
				C4F716592B9361B900F41FFD /* Info.plist */,
			);
			path = Weather2024;
			sourceTree = "<group>";
		};
		C4F7165F2B93633200F41FFD /* Resources */ = {
			isa = PBXGroup;
			children = (
				C4F716562B9361B900F41FFD /* LaunchScreen.storyboard */,
				C4F716542B9361B900F41FFD /* Assets.xcassets */,
			);
			path = Resources;
			sourceTree = "<group>";
		};
		C4F716602B93633800F41FFD /* Controllers */ = {
			isa = PBXGroup;
			children = (
				C4F716682B9365F300F41FFD /* Core */,
				C4F716692B9365F800F41FFD /* Other */,
			);
			path = Controllers;
			sourceTree = "<group>";
		};
		C4F716612B93633D00F41FFD /* Common */ = {
			isa = PBXGroup;
			children = (
			);
			path = Common;
			sourceTree = "<group>";
		};
		C4F716622B93634200F41FFD /* Models */ = {
			isa = PBXGroup;
			children = (
			);
			path = Models;
			sourceTree = "<group>";
		};
		C4F716632B93635000F41FFD /* Views */ = {
			isa = PBXGroup;
			children = (
			);
			path = Views;
			sourceTree = "<group>";
		};
		C4F716642B93635500F41FFD /* ViewModels */ = {
			isa = PBXGroup;
			children = (
			);
			path = ViewModels;
			sourceTree = "<group>";
		};
		C4F716652B93635C00F41FFD /* Networking */ = {
			isa = PBXGroup;
			children = (
				C4F7166A2B93664700F41FFD /* WAPIClient.swift */,
				C4F7166C2B93665A00F41FFD /* WEndpoint.swift */,
				C4F7166E2B93673200F41FFD /* WNetworkLogger.swift */,
			);
			path = Networking;
			sourceTree = "<group>";
		};
		C4F716662B93636100F41FFD /* Services */ = {
			isa = PBXGroup;
			children = (
			);
			path = Services;
			sourceTree = "<group>";
		};
		C4F716672B93658600F41FFD /* SupportingFiles */ = {
			isa = PBXGroup;
			children = (
				C4F7164D2B9361B400F41FFD /* SceneDelegate.swift */,
				C4F7164B2B9361B400F41FFD /* AppDelegate.swift */,
			);
			path = SupportingFiles;
			sourceTree = "<group>";
		};
		C4F716682B9365F300F41FFD /* Core */ = {
			isa = PBXGroup;
			children = (
				C4F7164F2B9361B400F41FFD /* MainViewController.swift */,
			);
			path = Core;
			sourceTree = "<group>";
		};
		C4F716692B9365F800F41FFD /* Other */ = {
			isa = PBXGroup;
			children = (
			);
			path = Other;
			sourceTree = "<group>";
		};
/* End PBXGroup section */

/* Begin PBXNativeTarget section */
		C4F716472B9361B400F41FFD /* Weather2024 */ = {
			isa = PBXNativeTarget;
			buildConfigurationList = C4F7165C2B9361B900F41FFD /* Build configuration list for PBXNativeTarget "Weather2024" */;
			buildPhases = (
				C4F716442B9361B400F41FFD /* Sources */,
				C4F716452B9361B400F41FFD /* Frameworks */,
				C4F716462B9361B400F41FFD /* Resources */,
			);
			buildRules = (
			);
			dependencies = (
			);
			name = Weather2024;
			productName = Weather2024;
			productReference = C4F716482B9361B400F41FFD /* Weather2024.app */;
			productType = "com.apple.product-type.application";
		};
/* End PBXNativeTarget section */

/* Begin PBXProject section */
		C4F716402B9361B400F41FFD /* Project object */ = {
			isa = PBXProject;
			attributes = {
				BuildIndependentTargetsInParallel = 1;
				LastSwiftUpdateCheck = 1500;
				LastUpgradeCheck = 1500;
				TargetAttributes = {
					C4F716472B9361B400F41FFD = {
						CreatedOnToolsVersion = 15.0.1;
					};
				};
			};
			buildConfigurationList = C4F716432B9361B400F41FFD /* Build configuration list for PBXProject "Weather2024" */;
			compatibilityVersion = "Xcode 14.0";
			developmentRegion = en;
			hasScannedForEncodings = 0;
			knownRegions = (
				en,
				Base,
			);
			mainGroup = C4F7163F2B9361B400F41FFD;
			productRefGroup = C4F716492B9361B400F41FFD /* Products */;
			projectDirPath = "";
			projectRoot = "";
			targets = (
				C4F716472B9361B400F41FFD /* Weather2024 */,
			);
		};
/* End PBXProject section */

/* Begin PBXResourcesBuildPhase section */
		C4F716462B9361B400F41FFD /* Resources */ = {
			isa = PBXResourcesBuildPhase;
			buildActionMask = 2147483647;
			files = (
				C4F716582B9361B900F41FFD /* LaunchScreen.storyboard in Resources */,
				C4F716552B9361B900F41FFD /* Assets.xcassets in Resources */,
			);
			runOnlyForDeploymentPostprocessing = 0;
		};
/* End PBXResourcesBuildPhase section */

/* Begin PBXSourcesBuildPhase section */
		C4F716442B9361B400F41FFD /* Sources */ = {
			isa = PBXSourcesBuildPhase;
			buildActionMask = 2147483647;
			files = (
				C4F716502B9361B400F41FFD /* MainViewController.swift in Sources */,
				C4F7164C2B9361B400F41FFD /* AppDelegate.swift in Sources */,
				C4F7166F2B93673200F41FFD /* WNetworkLogger.swift in Sources */,
				C4F7164E2B9361B400F41FFD /* SceneDelegate.swift in Sources */,
				C4F7166D2B93665A00F41FFD /* WEndpoint.swift in Sources */,
				C4F7166B2B93664700F41FFD /* WAPIClient.swift in Sources */,
			);
			runOnlyForDeploymentPostprocessing = 0;
		};
/* End PBXSourcesBuildPhase section */

/* Begin PBXVariantGroup section */
		C4F716562B9361B900F41FFD /* LaunchScreen.storyboard */ = {
			isa = PBXVariantGroup;
			children = (
				C4F716572B9361B900F41FFD /* Base */,
			);
			name = LaunchScreen.storyboard;
			sourceTree = "<group>";
		};
/* End PBXVariantGroup section */

/* Begin XCBuildConfiguration section */
		C4F7165A2B9361B900F41FFD /* Debug */ = {
			isa = XCBuildConfiguration;
			buildSettings = {
				ALWAYS_SEARCH_USER_PATHS = NO;
				ASSETCATALOG_COMPILER_GENERATE_SWIFT_ASSET_SYMBOL_EXTENSIONS = YES;
				CLANG_ANALYZER_NONNULL = YES;
				CLANG_ANALYZER_NUMBER_OBJECT_CONVERSION = YES_AGGRESSIVE;
				CLANG_CXX_LANGUAGE_STANDARD = "gnu++20";
				CLANG_ENABLE_MODULES = YES;
				CLANG_ENABLE_OBJC_ARC = YES;
				CLANG_ENABLE_OBJC_WEAK = YES;
				CLANG_WARN_BLOCK_CAPTURE_AUTORELEASING = YES;
				CLANG_WARN_BOOL_CONVERSION = YES;
				CLANG_WARN_COMMA = YES;
				CLANG_WARN_CONSTANT_CONVERSION = YES;
				CLANG_WARN_DEPRECATED_OBJC_IMPLEMENTATIONS = YES;
				CLANG_WARN_DIRECT_OBJC_ISA_USAGE = YES_ERROR;
				CLANG_WARN_DOCUMENTATION_COMMENTS = YES;
				CLANG_WARN_EMPTY_BODY = YES;
				CLANG_WARN_ENUM_CONVERSION = YES;
				CLANG_WARN_INFINITE_RECURSION = YES;
				CLANG_WARN_INT_CONVERSION = YES;
				CLANG_WARN_NON_LITERAL_NULL_CONVERSION = YES;
				CLANG_WARN_OBJC_IMPLICIT_RETAIN_SELF = YES;
				CLANG_WARN_OBJC_LITERAL_CONVERSION = YES;
				CLANG_WARN_OBJC_ROOT_CLASS = YES_ERROR;
				CLANG_WARN_QUOTED_INCLUDE_IN_FRAMEWORK_HEADER = YES;
				CLANG_WARN_RANGE_LOOP_ANALYSIS = YES;
				CLANG_WARN_STRICT_PROTOTYPES = YES;
				CLANG_WARN_SUSPICIOUS_MOVE = YES;
				CLANG_WARN_UNGUARDED_AVAILABILITY = YES_AGGRESSIVE;
				CLANG_WARN_UNREACHABLE_CODE = YES;
				CLANG_WARN__DUPLICATE_METHOD_MATCH = YES;
				COPY_PHASE_STRIP = NO;
				DEBUG_INFORMATION_FORMAT = dwarf;
				ENABLE_STRICT_OBJC_MSGSEND = YES;
				ENABLE_TESTABILITY = YES;
				ENABLE_USER_SCRIPT_SANDBOXING = YES;
				GCC_C_LANGUAGE_STANDARD = gnu17;
				GCC_DYNAMIC_NO_PIC = NO;
				GCC_NO_COMMON_BLOCKS = YES;
				GCC_OPTIMIZATION_LEVEL = 0;
				GCC_PREPROCESSOR_DEFINITIONS = (
					"DEBUG=1",
					"$(inherited)",
				);
				GCC_WARN_64_TO_32_BIT_CONVERSION = YES;
				GCC_WARN_ABOUT_RETURN_TYPE = YES_ERROR;
				GCC_WARN_UNDECLARED_SELECTOR = YES;
				GCC_WARN_UNINITIALIZED_AUTOS = YES_AGGRESSIVE;
				GCC_WARN_UNUSED_FUNCTION = YES;
				GCC_WARN_UNUSED_VARIABLE = YES;
				IPHONEOS_DEPLOYMENT_TARGET = 17.0;
				LOCALIZATION_PREFERS_STRING_CATALOGS = YES;
				MTL_ENABLE_DEBUG_INFO = INCLUDE_SOURCE;
				MTL_FAST_MATH = YES;
				ONLY_ACTIVE_ARCH = YES;
				SDKROOT = iphoneos;
				SWIFT_ACTIVE_COMPILATION_CONDITIONS = "DEBUG $(inherited)";
				SWIFT_OPTIMIZATION_LEVEL = "-Onone";
			};
			name = Debug;
		};
		C4F7165B2B9361B900F41FFD /* Release */ = {
			isa = XCBuildConfiguration;
			buildSettings = {
				ALWAYS_SEARCH_USER_PATHS = NO;
				ASSETCATALOG_COMPILER_GENERATE_SWIFT_ASSET_SYMBOL_EXTENSIONS = YES;
				CLANG_ANALYZER_NONNULL = YES;
				CLANG_ANALYZER_NUMBER_OBJECT_CONVERSION = YES_AGGRESSIVE;
				CLANG_CXX_LANGUAGE_STANDARD = "gnu++20";
				CLANG_ENABLE_MODULES = YES;
				CLANG_ENABLE_OBJC_ARC = YES;
				CLANG_ENABLE_OBJC_WEAK = YES;
				CLANG_WARN_BLOCK_CAPTURE_AUTORELEASING = YES;
				CLANG_WARN_BOOL_CONVERSION = YES;
				CLANG_WARN_COMMA = YES;
				CLANG_WARN_CONSTANT_CONVERSION = YES;
				CLANG_WARN_DEPRECATED_OBJC_IMPLEMENTATIONS = YES;
				CLANG_WARN_DIRECT_OBJC_ISA_USAGE = YES_ERROR;
				CLANG_WARN_DOCUMENTATION_COMMENTS = YES;
				CLANG_WARN_EMPTY_BODY = YES;
				CLANG_WARN_ENUM_CONVERSION = YES;
				CLANG_WARN_INFINITE_RECURSION = YES;
				CLANG_WARN_INT_CONVERSION = YES;
				CLANG_WARN_NON_LITERAL_NULL_CONVERSION = YES;
				CLANG_WARN_OBJC_IMPLICIT_RETAIN_SELF = YES;
				CLANG_WARN_OBJC_LITERAL_CONVERSION = YES;
				CLANG_WARN_OBJC_ROOT_CLASS = YES_ERROR;
				CLANG_WARN_QUOTED_INCLUDE_IN_FRAMEWORK_HEADER = YES;
				CLANG_WARN_RANGE_LOOP_ANALYSIS = YES;
				CLANG_WARN_STRICT_PROTOTYPES = YES;
				CLANG_WARN_SUSPICIOUS_MOVE = YES;
				CLANG_WARN_UNGUARDED_AVAILABILITY = YES_AGGRESSIVE;
				CLANG_WARN_UNREACHABLE_CODE = YES;
				CLANG_WARN__DUPLICATE_METHOD_MATCH = YES;
				COPY_PHASE_STRIP = NO;
				DEBUG_INFORMATION_FORMAT = "dwarf-with-dsym";
				ENABLE_NS_ASSERTIONS = NO;
				ENABLE_STRICT_OBJC_MSGSEND = YES;
				ENABLE_USER_SCRIPT_SANDBOXING = YES;
				GCC_C_LANGUAGE_STANDARD = gnu17;
				GCC_NO_COMMON_BLOCKS = YES;
				GCC_WARN_64_TO_32_BIT_CONVERSION = YES;
				GCC_WARN_ABOUT_RETURN_TYPE = YES_ERROR;
				GCC_WARN_UNDECLARED_SELECTOR = YES;
				GCC_WARN_UNINITIALIZED_AUTOS = YES_AGGRESSIVE;
				GCC_WARN_UNUSED_FUNCTION = YES;
				GCC_WARN_UNUSED_VARIABLE = YES;
				IPHONEOS_DEPLOYMENT_TARGET = 17.0;
				LOCALIZATION_PREFERS_STRING_CATALOGS = YES;
				MTL_ENABLE_DEBUG_INFO = NO;
				MTL_FAST_MATH = YES;
				SDKROOT = iphoneos;
				SWIFT_COMPILATION_MODE = wholemodule;
				VALIDATE_PRODUCT = YES;
			};
			name = Release;
		};
		C4F7165D2B9361B900F41FFD /* Debug */ = {
			isa = XCBuildConfiguration;
			buildSettings = {
				ASSETCATALOG_COMPILER_APPICON_NAME = AppIcon;
				ASSETCATALOG_COMPILER_GLOBAL_ACCENT_COLOR_NAME = AccentColor;
				CODE_SIGN_STYLE = Automatic;
				CURRENT_PROJECT_VERSION = 1;
				DEVELOPMENT_TEAM = 5XZHHC4623;
				GENERATE_INFOPLIST_FILE = YES;
				INFOPLIST_FILE = Weather2024/Info.plist;
				INFOPLIST_KEY_UIApplicationSupportsIndirectInputEvents = YES;
				INFOPLIST_KEY_UILaunchStoryboardName = LaunchScreen;
				INFOPLIST_KEY_UISupportedInterfaceOrientations = UIInterfaceOrientationPortrait;
				INFOPLIST_KEY_UISupportedInterfaceOrientations_iPad = "UIInterfaceOrientationLandscapeLeft UIInterfaceOrientationLandscapeRight UIInterfaceOrientationPortrait UIInterfaceOrientationPortraitUpsideDown";
				LD_RUNPATH_SEARCH_PATHS = (
					"$(inherited)",
					"@executable_path/Frameworks",
				);
				MARKETING_VERSION = 1.0.0;
				PRODUCT_BUNDLE_IDENTIFIER = com.hakkicansengonul.Weather2024;
				PRODUCT_NAME = "$(TARGET_NAME)";
				SUPPORTED_PLATFORMS = "iphoneos iphonesimulator";
				SUPPORTS_MACCATALYST = NO;
				SUPPORTS_MAC_DESIGNED_FOR_IPHONE_IPAD = NO;
				SWIFT_EMIT_LOC_STRINGS = YES;
				SWIFT_VERSION = 5.0;
				TARGETED_DEVICE_FAMILY = 1;
			};
			name = Debug;
		};
		C4F7165E2B9361B900F41FFD /* Release */ = {
			isa = XCBuildConfiguration;
			buildSettings = {
				ASSETCATALOG_COMPILER_APPICON_NAME = AppIcon;
				ASSETCATALOG_COMPILER_GLOBAL_ACCENT_COLOR_NAME = AccentColor;
				CODE_SIGN_STYLE = Automatic;
				CURRENT_PROJECT_VERSION = 1;
				DEVELOPMENT_TEAM = 5XZHHC4623;
				GENERATE_INFOPLIST_FILE = YES;
				INFOPLIST_FILE = Weather2024/Info.plist;
				INFOPLIST_KEY_UIApplicationSupportsIndirectInputEvents = YES;
				INFOPLIST_KEY_UILaunchStoryboardName = LaunchScreen;
				INFOPLIST_KEY_UISupportedInterfaceOrientations = UIInterfaceOrientationPortrait;
				INFOPLIST_KEY_UISupportedInterfaceOrientations_iPad = "UIInterfaceOrientationLandscapeLeft UIInterfaceOrientationLandscapeRight UIInterfaceOrientationPortrait UIInterfaceOrientationPortraitUpsideDown";
				LD_RUNPATH_SEARCH_PATHS = (
					"$(inherited)",
					"@executable_path/Frameworks",
				);
				MARKETING_VERSION = 1.0.0;
				PRODUCT_BUNDLE_IDENTIFIER = com.hakkicansengonul.Weather2024;
				PRODUCT_NAME = "$(TARGET_NAME)";
				SUPPORTED_PLATFORMS = "iphoneos iphonesimulator";
				SUPPORTS_MACCATALYST = NO;
				SUPPORTS_MAC_DESIGNED_FOR_IPHONE_IPAD = NO;
				SWIFT_EMIT_LOC_STRINGS = YES;
				SWIFT_VERSION = 5.0;
				TARGETED_DEVICE_FAMILY = 1;
			};
			name = Release;
		};
/* End XCBuildConfiguration section */

/* Begin XCConfigurationList section */
		C4F716432B9361B400F41FFD /* Build configuration list for PBXProject "Weather2024" */ = {
			isa = XCConfigurationList;
			buildConfigurations = (
				C4F7165A2B9361B900F41FFD /* Debug */,
				C4F7165B2B9361B900F41FFD /* Release */,
			);
			defaultConfigurationIsVisible = 0;
			defaultConfigurationName = Release;
		};
		C4F7165C2B9361B900F41FFD /* Build configuration list for PBXNativeTarget "Weather2024" */ = {
			isa = XCConfigurationList;
			buildConfigurations = (
				C4F7165D2B9361B900F41FFD /* Debug */,
				C4F7165E2B9361B900F41FFD /* Release */,
			);
			defaultConfigurationIsVisible = 0;
			defaultConfigurationName = Release;
		};
/* End XCConfigurationList section */
	};
	rootObject = C4F716402B9361B400F41FFD /* Project object */;
}
